github.com/gordonklaus/portaudio v0.0.0-20230709114228-aafa478834f5 h1:5AlozfqaVjGYGhms2OsdUyfdJME76E6rx5MdGpjzZpc=
github.com/gordonklaus/portaudio v0.0.0-20230709114228-aafa478834f5/go.mod h1:WY8R6YKlI2ZI3UyzFk7P6yGSuS+hFwNtEzrexRyD7Es=
github.com/k2-fsa/sherpa-ncnn-go v1.0.0 h1:cAE19oS9TsnqmFj2W26aQH6ZdmdC3IlPsrV5cKUNdQc=
github.com/k2-fsa/sherpa-ncnn-go v1.0.0/go.mod h1:2XgIBBLz8GIrODJaCjDYPJIRxSwjFYrwbBJ+LgnN9rw=
github.com/k2-fsa/sherpa-ncnn-go-linux v1.0.0 h1:5OsP3+R3WDNq5HZKawQQVcAw6p68kROc6YQgatkXQYI=
github.com/k2-fsa/sherpa-ncnn-go-linux v1.0.0/go.mod h1:J5nhtRXymY4fcOQsq0dJyxYAISqq/FqcXHjV9FtKiMM=
github.com/k2-fsa/sherpa-ncnn-go-macos v1.0.1 h1:khZmub7Lqr3din+c8UcQx+y89m/0TG8zio2Gp98JOhk=
github.com/k2-fsa/sherpa-ncnn-go-macos v1.0.1/go.mod h1:zBUGOr6H3oXi2ys+vO3RE9hhd/hOBb2pMdhLxsGHxMY=
github.com/k2-fsa/sherpa-ncnn-go-windows v1.0.2 h1:se/s+FTN54tf1mqHduiTC72aXSYbyavQPSMpJcrtHtg=
github.com/k2-fsa/sherpa-ncnn-go-windows v1.0.2/go.mod h1:7xN0Ojf3wDkeHFNFsD1xgAunnehpjRKcL4/4egbrdDY=
github.com/spf13/pflag v1.0.5 h1:iy+VFUOCP1a+8yFto/drg2CJ5u0yRoB7fZw3DKv/JXA=
github.com/spf13/pflag v1.0.5/go.mod h1:McXfInJRrz4CZXVZOBLb0bTZqETkiAhM9Iw0y3An2Bg=
